{
    "name": "fastify-autocrud",
    "version": "0.0.1",
    "lockfileVersion": 1,
    "requires": true,
    "dependencies": {
        "abstract-logging": {
            "version": "1.0.0",
            "resolved": "https://registry.npmjs.org/abstract-logging/-/abstract-logging-1.0.0.tgz",
            "integrity": "sha1-i33q/TEFWbwo93ck3RuzAXcnjBs=",
            "dev": true
        },
        "ajv": {
            "version": "6.10.2",
            "resolved": "https://registry.npmjs.org/ajv/-/ajv-6.10.2.tgz",
            "integrity": "sha512-TXtUUEYHuaTEbLZWIKUr5pmBuhDLy+8KYtPYdcV8qC+pOZL+NKqYwvWSRrVXHn+ZmRRAu8vJTAznH7Oag6RVRw==",
            "dev": true,
            "requires": {
                "fast-deep-equal": "^2.0.1",
                "fast-json-stable-stringify": "^2.0.0",
                "json-schema-traverse": "^0.4.1",
                "uri-js": "^4.2.2"
            }
        },
        "archy": {
            "version": "1.0.0",
            "resolved": "https://registry.npmjs.org/archy/-/archy-1.0.0.tgz",
            "integrity": "sha1-+cjBN1fMHde8N5rHeyxipcKGjEA=",
            "dev": true
        },
        "async": {
            "version": "2.6.2",
            "resolved": "https://registry.npmjs.org/async/-/async-2.6.2.tgz",
            "integrity": "sha512-H1qVYh1MYhEEFLsP97cVKqCGo7KfCyTt6uEWqsTBr9SO84oK9Uwbyd/yCW+6rKJLHksBNUVWZDAjfS+Ccx0Bbg==",
            "dev": true,
            "requires": {
                "lodash": "^4.17.11"
            }
        },
        "avvio": {
            "version": "6.2.2",
            "resolved": "https://registry.npmjs.org/avvio/-/avvio-6.2.2.tgz",
            "integrity": "sha512-7+yznbJOMoHQ8Z8VH+1meyRjtxUW8za6gqnHBl8DqlX5qPtaclNIgWrKrTLuIbfn2+1/EGkcr+rQXI8DYVU4RA==",
            "dev": true,
            "requires": {
                "archy": "^1.0.0",
                "debug": "^4.0.0",
                "fastq": "^1.6.0"
            }
        },
        "bluebird": {
            "version": "3.5.1",
            "resolved": "https://registry.npmjs.org/bluebird/-/bluebird-3.5.1.tgz",
            "integrity": "sha512-MKiLiV+I1AA596t9w1sQJ8jkiSr5+ZKi0WKrYGUn6d1Fx+Ij4tIj+m2WMQSGczs5jZVxV339chE8iwk6F64wjA==",
            "dev": true
        },
        "boom": {
            "version": "7.3.0",
            "resolved": "https://registry.npmjs.org/boom/-/boom-7.3.0.tgz",
            "integrity": "sha512-Swpoyi2t5+GhOEGw8rEsKvTxFLIDiiKoUc2gsoV6Lyr43LHBIzch3k2MvYUs8RTROrIkVJ3Al0TkaOGjnb+B6A==",
            "dev": true,
            "requires": {
                "hoek": "6.x.x"
            }
        },
        "bson": {
            "version": "1.1.1",
            "resolved": "https://registry.npmjs.org/bson/-/bson-1.1.1.tgz",
            "integrity": "sha512-jCGVYLoYMHDkOsbwJZBCqwMHyH4c+wzgI9hG7Z6SZJRXWr+x58pdIbm2i9a/jFGCkRJqRUr8eoI7lDWa0hTkxg==",
            "dev": true
        },
        "debug": {
            "version": "4.1.1",
            "resolved": "https://registry.npmjs.org/debug/-/debug-4.1.1.tgz",
            "integrity": "sha512-pYAIzeRo8J6KPEaJ0VWOh5Pzkbw/RetuzehGM7QRRX5he4fPHx2rdKMB256ehJCkX+XRQm16eZLqLNS8RSZXZw==",
            "dev": true,
            "requires": {
                "ms": "^2.1.1"
            }
        },
        "deepmerge": {
            "version": "4.0.0",
            "resolved": "https://registry.npmjs.org/deepmerge/-/deepmerge-4.0.0.tgz",
            "integrity": "sha512-YZ1rOP5+kHor4hMAH+HRQnBQHg+wvS1un1hAOuIcxcBy0hzcUf6Jg2a1w65kpoOUnurOfZbERwjI1TfZxNjcww==",
            "dev": true
        },
        "dotenv": {
            "version": "8.1.0",
            "resolved": "https://registry.npmjs.org/dotenv/-/dotenv-8.1.0.tgz",
            "integrity": "sha512-GUE3gqcDCaMltj2++g6bRQ5rBJWtkWTmqmD0fo1RnnMuUqHNCt2oTPeDnS9n6fKYvlhn7AeBkb38lymBtWBQdA==",
            "dev": true
        },
        "fast-decode-uri-component": {
            "version": "1.0.1",
            "resolved": "https://registry.npmjs.org/fast-decode-uri-component/-/fast-decode-uri-component-1.0.1.tgz",
            "integrity": "sha512-WKgKWg5eUxvRZGwW8FvfbaH7AXSh2cL+3j5fMGzUMCxWBJ3dV3a7Wz8y2f/uQ0e3B6WmodD3oS54jTQ9HVTIIg==",
            "dev": true
        },
        "fast-deep-equal": {
            "version": "2.0.1",
            "resolved": "https://registry.npmjs.org/fast-deep-equal/-/fast-deep-equal-2.0.1.tgz",
            "integrity": "sha1-ewUhjd+WZ79/Nwv3/bLLFf3Qqkk=",
            "dev": true
        },
        "fast-json-stable-stringify": {
            "version": "2.0.0",
            "resolved": "https://registry.npmjs.org/fast-json-stable-stringify/-/fast-json-stable-stringify-2.0.0.tgz",
            "integrity": "sha1-1RQsDK7msRifh9OnYREGT4bIu/I=",
            "dev": true
        },
        "fast-json-stringify": {
            "version": "1.15.4",
            "resolved": "https://registry.npmjs.org/fast-json-stringify/-/fast-json-stringify-1.15.4.tgz",
            "integrity": "sha512-lsGTxL0OIGjGSUXgWUOdSgjCL/xMyMvMudfGN3D1zOLEv44fYZ1ZXmMyCON5XdpaiZN6nCXmU7GQg7fbXfPG4g==",
            "dev": true,
            "requires": {
                "ajv": "^6.8.1",
                "deepmerge": "^4.0.0"
            }
        },
        "fast-redact": {
            "version": "1.5.0",
            "resolved": "https://registry.npmjs.org/fast-redact/-/fast-redact-1.5.0.tgz",
            "integrity": "sha512-Afo61CgUjkzdvOKDHn08qnZ0kwck38AOGcMlvSGzvJbIab6soAP5rdoQayecGCDsD69AiF9vJBXyq31eoEO2tQ==",
            "dev": true
        },
        "fast-safe-stringify": {
            "version": "2.0.6",
            "resolved": "https://registry.npmjs.org/fast-safe-stringify/-/fast-safe-stringify-2.0.6.tgz",
            "integrity": "sha512-q8BZ89jjc+mz08rSxROs8VsrBBcn1SIw1kq9NjolL509tkABRk9io01RAjSaEv1Xb2uFLt8VtRiZbGp5H8iDtg==",
            "dev": true
        },
        "fastify": {
            "version": "2.7.1",
            "resolved": "https://registry.npmjs.org/fastify/-/fastify-2.7.1.tgz",
            "integrity": "sha512-ScKPXD84lkdCgz7q0zjyBr1aLxKbXRt9HYL3XIt/L8ZD2f3fAcsLEyQ2/rHxLUzLGjPlEjIvprWUL3RZvlLRLw==",
            "dev": true,
            "requires": {
                "abstract-logging": "^1.0.0",
                "ajv": "^6.10.2",
                "avvio": "^6.1.1",
                "fast-json-stringify": "^1.15.0",
                "find-my-way": "^2.0.0",
                "flatstr": "^1.0.12",
                "light-my-request": "^3.4.1",
                "middie": "^4.0.1",
                "pino": "^5.13.1",
                "proxy-addr": "^2.0.4",
                "readable-stream": "^3.1.1",
                "rfdc": "^1.1.2",
                "secure-json-parse": "^1.0.0",
                "tiny-lru": "^6.0.1"
            }
        },
        "fastify-plugin": {
            "version": "1.6.0",
            "resolved": "https://registry.npmjs.org/fastify-plugin/-/fastify-plugin-1.6.0.tgz",
            "integrity": "sha512-lFa9txg8LZx4tljj33oG53nUXhVg0baZxtP9Pxi0dJmI0NQxzkDk5DS9kr3D7iMalUAp3mvIq16OQumc7eIvLA==",
            "requires": {
                "semver": "^6.0.0"
            }
        },
        "fastq": {
            "version": "1.6.0",
            "resolved": "https://registry.npmjs.org/fastq/-/fastq-1.6.0.tgz",
            "integrity": "sha512-jmxqQ3Z/nXoeyDmWAzF9kH1aGZSis6e/SbfPmJpUnyZ0ogr6iscHQaml4wsEepEWSdtmpy+eVXmCRIMpxaXqOA==",
            "dev": true,
            "requires": {
                "reusify": "^1.0.0"
            }
        },
        "find-my-way": {
            "version": "2.1.0",
            "resolved": "https://registry.npmjs.org/find-my-way/-/find-my-way-2.1.0.tgz",
            "integrity": "sha512-Hdx6ctcrzkZH5y9EREHtXryXAgc5Bc8z5Cvoa61y9kaoYj2KU4yXD6h8b6u0NUkYPVmQQeRdf0AtG1kQxQ+ukQ==",
            "dev": true,
            "requires": {
                "fast-decode-uri-component": "^1.0.0",
                "safe-regex2": "^2.0.0",
                "semver-store": "^0.3.0"
            }
        },
        "flatstr": {
            "version": "1.0.12",
            "resolved": "https://registry.npmjs.org/flatstr/-/flatstr-1.0.12.tgz",
            "integrity": "sha512-4zPxDyhCyiN2wIAtSLI6gc82/EjqZc1onI4Mz/l0pWrAlsSfYH/2ZIcU+e3oA2wDwbzIWNKwa23F8rh6+DRWkw==",
            "dev": true
        },
        "forwarded": {
            "version": "0.1.2",
            "resolved": "https://registry.npmjs.org/forwarded/-/forwarded-0.1.2.tgz",
            "integrity": "sha1-mMI9qxF1ZXuMBXPozszZGw/xjIQ=",
            "dev": true
        },
        "hoek": {
            "version": "6.1.3",
            "resolved": "https://registry.npmjs.org/hoek/-/hoek-6.1.3.tgz",
            "integrity": "sha512-YXXAAhmF9zpQbC7LEcREFtXfGq5K1fmd+4PHkBq8NUqmzW3G+Dq10bI/i0KucLRwss3YYFQ0fSfoxBZYiGUqtQ==",
            "dev": true
        },
        "inherits": {
            "version": "2.0.4",
            "resolved": "https://registry.npmjs.org/inherits/-/inherits-2.0.4.tgz",
            "integrity": "sha512-k/vGaX4/Yla3WzyMCvTQOXYeIHvqOKtnqBduzTHpzpQZzAskKMhZ2K+EnBiSM9zGSoIFeMpXKxa4dYeZIQqewQ==",
            "dev": true
        },
        "ipaddr.js": {
            "version": "1.9.0",
            "resolved": "https://registry.npmjs.org/ipaddr.js/-/ipaddr.js-1.9.0.tgz",
            "integrity": "sha512-M4Sjn6N/+O6/IXSJseKqHoFc+5FdGJ22sXqnjTpdZweHK64MzEPAyQZyEU3R/KRv2GLoa7nNtg/C2Ev6m7z+eA==",
            "dev": true
        },
        "json-schema-traverse": {
            "version": "0.4.1",
            "resolved": "https://registry.npmjs.org/json-schema-traverse/-/json-schema-traverse-0.4.1.tgz",
            "integrity": "sha512-xbbCH5dCYU5T8LcEhhuh7HJ88HXuW3qsI3Y0zOZFKfZEHcpWiHU/Jxzk629Brsab/mMiHQti9wMP+845RPe3Vg==",
            "dev": true
        },
        "kareem": {
            "version": "2.3.0",
            "resolved": "https://registry.npmjs.org/kareem/-/kareem-2.3.0.tgz",
            "integrity": "sha512-6hHxsp9e6zQU8nXsP+02HGWXwTkOEw6IROhF2ZA28cYbUk4eJ6QbtZvdqZOdD9YPKghG3apk5eOCvs+tLl3lRg==",
            "dev": true
        },
        "light-my-request": {
            "version": "3.4.1",
            "resolved": "https://registry.npmjs.org/light-my-request/-/light-my-request-3.4.1.tgz",
            "integrity": "sha512-E1zMvRWjqsaCS60dTkD7c//xKV1KOFD2zo92Ru3o3e95lCfQSDCC9aS8MZm1V+zXaA/SeKDwK9gvrfaCseTusg==",
            "dev": true,
            "requires": {
                "ajv": "^6.8.1",
                "readable-stream": "^3.1.1"
            }
        },
        "lodash": {
            "version": "4.17.15",
            "resolved": "https://registry.npmjs.org/lodash/-/lodash-4.17.15.tgz",
            "integrity": "sha512-8xOcRHvCjnocdS5cpwXQXVzmmh5e5+saE2QGoeQmbKmRS6J3VQppPOIt0MnmE+4xlZoumy0GPG0D0MVIQbNA1A==",
            "dev": true
        },
        "memory-pager": {
            "version": "1.5.0",
            "resolved": "https://registry.npmjs.org/memory-pager/-/memory-pager-1.5.0.tgz",
            "integrity": "sha512-ZS4Bp4r/Zoeq6+NLJpP+0Zzm0pR8whtGPf1XExKLJBAczGMnSi3It14OiNCStjQjM6NU1okjQGSxgEZN8eBYKg==",
            "dev": true,
            "optional": true
        },
        "middie": {
            "version": "4.0.1",
            "resolved": "https://registry.npmjs.org/middie/-/middie-4.0.1.tgz",
            "integrity": "sha512-eYK6EEHZiYpQMYPmeCb/vC9ZzJg1HCqi1ot/fQs1sPZKt/XREgXouQ7g6c9J5XvDV5203JjbpovCYNkHcHgTpQ==",
            "dev": true,
            "requires": {
                "path-to-regexp": "^3.0.0",
                "reusify": "^1.0.2"
            }
        },
        "mongodb": {
            "version": "3.2.7",
            "resolved": "https://registry.npmjs.org/mongodb/-/mongodb-3.2.7.tgz",
            "integrity": "sha512-2YdWrdf1PJgxcCrT1tWoL6nHuk6hCxhddAAaEh8QJL231ci4+P9FLyqopbTm2Z2sAU6mhCri+wd9r1hOcHdoMw==",
            "dev": true,
            "requires": {
                "mongodb-core": "3.2.7",
                "safe-buffer": "^5.1.2"
            }
        },
        "mongodb-core": {
            "version": "3.2.7",
            "resolved": "https://registry.npmjs.org/mongodb-core/-/mongodb-core-3.2.7.tgz",
            "integrity": "sha512-WypKdLxFNPOH/Jy6i9z47IjG2wIldA54iDZBmHMINcgKOUcWJh8og+Wix76oGd7EyYkHJKssQ2FAOw5Su/n4XQ==",
            "dev": true,
            "requires": {
                "bson": "^1.1.1",
                "require_optional": "^1.0.1",
                "safe-buffer": "^5.1.2",
                "saslprep": "^1.0.0"
            }
        },
        "mongoose": {
            "version": "5.6.9",
            "resolved": "https://registry.npmjs.org/mongoose/-/mongoose-5.6.9.tgz",
            "integrity": "sha512-NRW5UJSmwyJxK+MRHmq+dQKgZqMZCpW1aPkpBZESqrrgF2J15Flo/4K3RYkSSQY7oKhfbgqZTPo+J1snJ3hJ3w==",
            "dev": true,
            "requires": {
                "async": "2.6.2",
                "bson": "~1.1.1",
                "kareem": "2.3.0",
                "mongodb": "3.2.7",
                "mongodb-core": "3.2.7",
                "mongoose-legacy-pluralize": "1.0.2",
                "mpath": "0.6.0",
                "mquery": "3.2.1",
                "ms": "2.1.2",
                "regexp-clone": "1.0.0",
                "safe-buffer": "5.1.2",
                "sift": "7.0.1",
                "sliced": "1.0.1"
            },
            "dependencies": {
                "safe-buffer": {
                    "version": "5.1.2",
                    "resolved": "https://registry.npmjs.org/safe-buffer/-/safe-buffer-5.1.2.tgz",
                    "integrity": "sha512-Gd2UZBJDkXlY7GbJxfsE8/nvKkUEU1G38c1siN6QP6a9PT9MmHB8GnpscSmMJSoF8LOIrt8ud/wPtojys4G6+g==",
                    "dev": true
                }
            }
        },
        "mongoose-legacy-pluralize": {
            "version": "1.0.2",
            "resolved": "https://registry.npmjs.org/mongoose-legacy-pluralize/-/mongoose-legacy-pluralize-1.0.2.tgz",
            "integrity": "sha512-Yo/7qQU4/EyIS8YDFSeenIvXxZN+ld7YdV9LqFVQJzTLye8unujAWPZ4NWKfFA+RNjh+wvTWKY9Z3E5XM6ZZiQ==",
            "dev": true
        },
        "mpath": {
            "version": "0.6.0",
            "resolved": "https://registry.npmjs.org/mpath/-/mpath-0.6.0.tgz",
            "integrity": "sha512-i75qh79MJ5Xo/sbhxrDrPSEG0H/mr1kcZXJ8dH6URU5jD/knFxCVqVC/gVSW7GIXL/9hHWlT9haLbCXWOll3qw==",
            "dev": true
        },
        "mquery": {
            "version": "3.2.1",
            "resolved": "https://registry.npmjs.org/mquery/-/mquery-3.2.1.tgz",
            "integrity": "sha512-kY/K8QToZWTTocm0U+r8rqcJCp5PRl6e8tPmoDs5OeSO3DInZE2rAL6AYH+V406JTo8305LdASOQcxRDqHojyw==",
            "dev": true,
            "requires": {
                "bluebird": "3.5.1",
                "debug": "3.1.0",
                "regexp-clone": "^1.0.0",
                "safe-buffer": "5.1.2",
                "sliced": "1.0.1"
            },
            "dependencies": {
                "debug": {
                    "version": "3.1.0",
                    "resolved": "https://registry.npmjs.org/debug/-/debug-3.1.0.tgz",
                    "integrity": "sha512-OX8XqP7/1a9cqkxYw2yXss15f26NKWBpDXQd0/uK/KPqdQhxbPa994hnzjcE2VqQpDslf55723cKPUOGSmMY3g==",
                    "dev": true,
                    "requires": {
                        "ms": "2.0.0"
                    }
                },
                "ms": {
                    "version": "2.0.0",
                    "resolved": "https://registry.npmjs.org/ms/-/ms-2.0.0.tgz",
                    "integrity": "sha1-VgiurfwAvmwpAd9fmGF4jeDVl8g=",
                    "dev": true
                },
                "safe-buffer": {
                    "version": "5.1.2",
                    "resolved": "https://registry.npmjs.org/safe-buffer/-/safe-buffer-5.1.2.tgz",
                    "integrity": "sha512-Gd2UZBJDkXlY7GbJxfsE8/nvKkUEU1G38c1siN6QP6a9PT9MmHB8GnpscSmMJSoF8LOIrt8ud/wPtojys4G6+g==",
                    "dev": true
                }
            }
        },
        "ms": {
            "version": "2.1.2",
            "resolved": "https://registry.npmjs.org/ms/-/ms-2.1.2.tgz",
            "integrity": "sha512-sGkPx+VjMtmA6MX27oA4FBFELFCZZ4S4XqeGOXCv68tT+jb3vk/RyaKWP0PTKyWtmLSM0b+adUTEvbs1PEaH2w==",
            "dev": true
        },
        "path-to-regexp": {
            "version": "3.0.0",
            "resolved": "https://registry.npmjs.org/path-to-regexp/-/path-to-regexp-3.0.0.tgz",
            "integrity": "sha512-ZOtfhPttCrqp2M1PBBH4X13XlvnfhIwD7yCLx+GoGoXRPQyxGOTdQMpIzPSPKXAJT/JQrdfFrgdJOyAzvgpQ9A==",
            "dev": true
        },
        "pino": {
            "version": "5.13.2",
            "resolved": "https://registry.npmjs.org/pino/-/pino-5.13.2.tgz",
            "integrity": "sha512-WwOSCy36/gWhinsqWqAnuwIi2WtcH+jvoyeLm3bjUALIrzWIst0AovQjK4jVvSN2l64KFPfi3gd2fjsTovjdLQ==",
            "dev": true,
            "requires": {
                "fast-redact": "^1.4.4",
                "fast-safe-stringify": "^2.0.6",
                "flatstr": "^1.0.9",
                "pino-std-serializers": "^2.3.0",
                "quick-format-unescaped": "^3.0.2",
                "sonic-boom": "^0.7.5"
            }
        },
        "pino-std-serializers": {
            "version": "2.4.2",
            "resolved": "https://registry.npmjs.org/pino-std-serializers/-/pino-std-serializers-2.4.2.tgz",
            "integrity": "sha512-WaL504dO8eGs+vrK+j4BuQQq6GLKeCCcHaMB2ItygzVURcL1CycwNEUHTD/lHFHs/NL5qAz2UKrjYWXKSf4aMQ==",
            "dev": true
        },
        "proxy-addr": {
            "version": "2.0.5",
            "resolved": "https://registry.npmjs.org/proxy-addr/-/proxy-addr-2.0.5.tgz",
            "integrity": "sha512-t/7RxHXPH6cJtP0pRG6smSr9QJidhB+3kXu0KgXnbGYMgzEnUxRQ4/LDdfOwZEMyIh3/xHb8PX3t+lfL9z+YVQ==",
            "dev": true,
            "requires": {
                "forwarded": "~0.1.2",
                "ipaddr.js": "1.9.0"
            }
        },
        "punycode": {
            "version": "2.1.1",
            "resolved": "https://registry.npmjs.org/punycode/-/punycode-2.1.1.tgz",
            "integrity": "sha512-XRsRjdf+j5ml+y/6GKHPZbrF/8p2Yga0JPtdqTIY2Xe5ohJPD9saDJJLPvp9+NSBprVvevdXZybnj2cv8OEd0A==",
            "dev": true
        },
        "quick-format-unescaped": {
            "version": "3.0.2",
            "resolved": "https://registry.npmjs.org/quick-format-unescaped/-/quick-format-unescaped-3.0.2.tgz",
            "integrity": "sha512-FXTaCkwvpIlkdKeGDNgcq07SXWS383noQUuZjvdE1QcTt+eLuqof6/BDiEPqB59FWLie/l91+HtlJSw7iCViSA==",
            "dev": true
        },
        "readable-stream": {
            "version": "3.4.0",
            "resolved": "https://registry.npmjs.org/readable-stream/-/readable-stream-3.4.0.tgz",
            "integrity": "sha512-jItXPLmrSR8jmTRmRWJXCnGJsfy85mB3Wd/uINMXA65yrnFo0cPClFIUWzo2najVNSl+mx7/4W8ttlLWJe99pQ==",
            "dev": true,
            "requires": {
                "inherits": "^2.0.3",
                "string_decoder": "^1.1.1",
                "util-deprecate": "^1.0.1"
            }
        },
        "regexp-clone": {
            "version": "1.0.0",
            "resolved": "https://registry.npmjs.org/regexp-clone/-/regexp-clone-1.0.0.tgz",
            "integrity": "sha512-TuAasHQNamyyJ2hb97IuBEif4qBHGjPHBS64sZwytpLEqtBQ1gPJTnOaQ6qmpET16cK14kkjbazl6+p0RRv0yw==",
            "dev": true
        },
        "require_optional": {
            "version": "1.0.1",
            "resolved": "https://registry.npmjs.org/require_optional/-/require_optional-1.0.1.tgz",
            "integrity": "sha512-qhM/y57enGWHAe3v/NcwML6a3/vfESLe/sGM2dII+gEO0BpKRUkWZow/tyloNqJyN6kXSl3RyyM8Ll5D/sJP8g==",
            "dev": true,
            "requires": {
                "resolve-from": "^2.0.0",
                "semver": "^5.1.0"
            },
            "dependencies": {
                "semver": {
                    "version": "5.7.1",
                    "resolved": "https://registry.npmjs.org/semver/-/semver-5.7.1.tgz",
                    "integrity": "sha512-sauaDf/PZdVgrLTNYHRtpXa1iRiKcaebiKQ1BJdpQlWH2lCvexQdX55snPFyK7QzpudqbCI0qXFfOasHdyNDGQ==",
                    "dev": true
                }
            }
        },
        "resolve-from": {
            "version": "2.0.0",
            "resolved": "https://registry.npmjs.org/resolve-from/-/resolve-from-2.0.0.tgz",
            "integrity": "sha1-lICrIOlP+h2egKgEx+oUdhGWa1c=",
            "dev": true
        },
        "ret": {
            "version": "0.2.2",
            "resolved": "https://registry.npmjs.org/ret/-/ret-0.2.2.tgz",
            "integrity": "sha512-M0b3YWQs7R3Z917WRQy1HHA7Ba7D8hvZg6UE5mLykJxQVE2ju0IXbGlaHPPlkY+WN7wFP+wUMXmBFA0aV6vYGQ==",
            "dev": true
        },
        "reusify": {
            "version": "1.0.4",
            "resolved": "https://registry.npmjs.org/reusify/-/reusify-1.0.4.tgz",
            "integrity": "sha512-U9nH88a3fc/ekCF1l0/UP1IosiuIjyTh7hBvXVMHYgVcfGvt897Xguj2UOLDeI5BG2m7/uwyaLVT6fbtCwTyzw==",
            "dev": true
        },
        "rfdc": {
            "version": "1.1.4",
            "resolved": "https://registry.npmjs.org/rfdc/-/rfdc-1.1.4.tgz",
            "integrity": "sha512-5C9HXdzK8EAqN7JDif30jqsBzavB7wLpaubisuQIGHWf2gUXSpzy6ArX/+Da8RjFpagWsCn+pIgxTMAmKw9Zug==",
            "dev": true
        },
        "safe-buffer": {
            "version": "5.2.0",
            "resolved": "https://registry.npmjs.org/safe-buffer/-/safe-buffer-5.2.0.tgz",
            "integrity": "sha512-fZEwUGbVl7kouZs1jCdMLdt95hdIv0ZeHg6L7qPeciMZhZ+/gdesW4wgTARkrFWEpspjEATAzUGPG8N2jJiwbg==",
            "dev": true
        },
        "safe-regex2": {
            "version": "2.0.0",
            "resolved": "https://registry.npmjs.org/safe-regex2/-/safe-regex2-2.0.0.tgz",
            "integrity": "sha512-PaUSFsUaNNuKwkBijoAPHAK6/eM6VirvyPWlZ7BAQy4D+hCvh4B6lIG+nPdhbFfIbP+gTGBcrdsOaUs0F+ZBOQ==",
            "dev": true,
            "requires": {
                "ret": "~0.2.0"
            }
        },
        "saslprep": {
            "version": "1.0.3",
            "resolved": "https://registry.npmjs.org/saslprep/-/saslprep-1.0.3.tgz",
            "integrity": "sha512-/MY/PEMbk2SuY5sScONwhUDsV2p77Znkb/q3nSVstq/yQzYJOH/Azh29p9oJLsl3LnQwSvZDKagDGBsBwSooag==",
            "dev": true,
            "optional": true,
            "requires": {
                "sparse-bitfield": "^3.0.3"
            }
        },
        "secure-json-parse": {
            "version": "1.0.0",
            "resolved": "https://registry.npmjs.org/secure-json-parse/-/secure-json-parse-1.0.0.tgz",
            "integrity": "sha512-kMg4jXttRQzVyLebIDc+MRxCueJ/zsmHpCn59BRd0mZUCd+V02wNd7/Pds8Nyhv7jfLHo1KkUOzdIF7cRMU4LQ==",
            "dev": true
        },
        "semver": {
            "version": "6.3.0",
            "resolved": "https://registry.npmjs.org/semver/-/semver-6.3.0.tgz",
            "integrity": "sha512-b39TBaTSfV6yBrapU89p5fKekE2m/NwnDocOVruQFS1/veMgdzuPcnOM34M6CwxW8jH/lxEa5rBoDeUwu5HHTw=="
        },
        "semver-store": {
            "version": "0.3.0",
            "resolved": "https://registry.npmjs.org/semver-store/-/semver-store-0.3.0.tgz",
            "integrity": "sha512-TcZvGMMy9vodEFSse30lWinkj+JgOBvPn8wRItpQRSayhc+4ssDs335uklkfvQQJgL/WvmHLVj4Ycv2s7QCQMg==",
            "dev": true
        },
        "sift": {
            "version": "7.0.1",
            "resolved": "https://registry.npmjs.org/sift/-/sift-7.0.1.tgz",
            "integrity": "sha512-oqD7PMJ+uO6jV9EQCl0LrRw1OwsiPsiFQR5AR30heR+4Dl7jBBbDLnNvWiak20tzZlSE1H7RB30SX/1j/YYT7g==",
            "dev": true
        },
        "sliced": {
            "version": "1.0.1",
            "resolved": "https://registry.npmjs.org/sliced/-/sliced-1.0.1.tgz",
            "integrity": "sha1-CzpmK10Ewxd7GSa+qCsD+Dei70E=",
            "dev": true
        },
        "sonic-boom": {
            "version": "0.7.5",
            "resolved": "https://registry.npmjs.org/sonic-boom/-/sonic-boom-0.7.5.tgz",
            "integrity": "sha512-1pKrnAV6RfvntPnarY71tpthFTM3pWZWWQdghZY8ARjtDPGzG/inxqSuRwQY/7V1woUjfyxPb437zn4p5phgnQ==",
            "dev": true,
            "requires": {
                "flatstr": "^1.0.12"
            }
        },
        "sparse-bitfield": {
            "version": "3.0.3",
            "resolved": "https://registry.npmjs.org/sparse-bitfield/-/sparse-bitfield-3.0.3.tgz",
            "integrity": "sha1-/0rm5oZWBWuks+eSqzM004JzyhE=",
            "dev": true,
            "optional": true,
            "requires": {
                "memory-pager": "^1.0.2"
            }
        },
        "string_decoder": {
            "version": "1.3.0",
            "resolved": "https://registry.npmjs.org/string_decoder/-/string_decoder-1.3.0.tgz",
            "integrity": "sha512-hkRX8U1WjJFd8LsDJ2yQ/wWWxaopEsABU1XfkM8A+j0+85JAGppt16cr1Whg6KIbb4okU6Mql6BOj+uup/wKeA==",
            "dev": true,
            "requires": {
                "safe-buffer": "~5.2.0"
            }
        },
        "tiny-lru": {
            "version": "6.0.1",
            "resolved": "https://registry.npmjs.org/tiny-lru/-/tiny-lru-6.0.1.tgz",
            "integrity": "sha512-k/vdHz+bFALjmik0URLWBYNuO0hCABTL5dullbZBXvFDdlL8RrKaeLR6YuHfX+6ZXOLkHw+HpNLCUA7DtLMQmg==",
            "dev": true
        },
        "uri-js": {
            "version": "4.2.2",
            "resolved": "https://registry.npmjs.org/uri-js/-/uri-js-4.2.2.tgz",
            "integrity": "sha512-KY9Frmirql91X2Qgjry0Wd4Y+YTdrdZheS8TFwvkbLWf/G5KNJDCh6pKL5OZctEW4+0Baa5idK2ZQuELRwPznQ==",
            "dev": true,
            "requires": {
                "punycode": "^2.1.0"
            }
        },
        "util-deprecate": {
            "version": "1.0.2",
            "resolved": "https://registry.npmjs.org/util-deprecate/-/util-deprecate-1.0.2.tgz",
            "integrity": "sha1-RQ1Nyfpw3nMnYvvS1KKJgUGaDM8=",
            "dev": true
        }
    }
}
